
Microsoft Visual Studio Solution File, Format Version 12.00
# Visual Studio Version 17
VisualStudioVersion = 17.14.36202.13
MinimumVisualStudioVersion = 10.0.40219.1
Project("{FAE04EC0-301F-11D3-BF4B-00C04F79EFBC}") = "AspNetCoreIdentityApp.Web", "AspNetCoreIdentityApp.Web\AspNetCoreIdentityApp.Web.csproj", "{EE6AB8E6-83DC-4EB5-81C7-41F6EDBB30FE}"
EndProject
Project("{FAE04EC0-301F-11D3-BF4B-00C04F79EFBC}") = "AspNetCoreIdentityApp.Core", "AspNetCoreIdentityApp.Core\AspNetCoreIdentityApp.Core.csproj", "{A2A952ED-FBAB-432E-A8B2-35053EE6A2A8}"
EndProject
Project("{FAE04EC0-301F-11D3-BF4B-00C04F79EFBC}") = "AspNetCoreIdentityApp.Repository", "AspNetCoreIdentityApp.Repository\AspNetCoreIdentityApp.Repository.csproj", "{D65FEDB5-6DBB-4BB0-88EE-FB70E2A6B2B2}"
EndProject
Project("{FAE04EC0-301F-11D3-BF4B-00C04F79EFBC}") = "AspNetCoreIdentityApp.Service", "AspNetCoreIdentityApp.Service\AspNetCoreIdentityApp.Service.csproj", "{5C766CB5-195B-429D-9CC6-FCFEC21FF97A}"
EndProject
Global
	GlobalSection(SolutionConfigurationPlatforms) = preSolution
		Debug|Any CPU = Debug|Any CPU
		Release|Any CPU = Release|Any CPU
	EndGlobalSection
	GlobalSection(ProjectConfigurationPlatforms) = postSolution
		{EE6AB8E6-83DC-4EB5-81C7-41F6EDBB30FE}.Debug|Any CPU.ActiveCfg = Debug|Any CPU
		{EE6AB8E6-83DC-4EB5-81C7-41F6EDBB30FE}.Debug|Any CPU.Build.0 = Debug|Any CPU
		{EE6AB8E6-83DC-4EB5-81C7-41F6EDBB30FE}.Release|Any CPU.ActiveCfg = Release|Any CPU
		{EE6AB8E6-83DC-4EB5-81C7-41F6EDBB30FE}.Release|Any CPU.Build.0 = Release|Any CPU
		{A2A952ED-FBAB-432E-A8B2-35053EE6A2A8}.Debug|Any CPU.ActiveCfg = Debug|Any CPU
		{A2A952ED-FBAB-432E-A8B2-35053EE6A2A8}.Debug|Any CPU.Build.0 = Debug|Any CPU
		{A2A952ED-FBAB-432E-A8B2-35053EE6A2A8}.Release|Any CPU.ActiveCfg = Release|Any CPU
		{A2A952ED-FBAB-432E-A8B2-35053EE6A2A8}.Release|Any CPU.Build.0 = Release|Any CPU
		{D65FEDB5-6DBB-4BB0-88EE-FB70E2A6B2B2}.Debug|Any CPU.ActiveCfg = Debug|Any CPU
		{D65FEDB5-6DBB-4BB0-88EE-FB70E2A6B2B2}.Debug|Any CPU.Build.0 = Debug|Any CPU
		{D65FEDB5-6DBB-4BB0-88EE-FB70E2A6B2B2}.Release|Any CPU.ActiveCfg = Release|Any CPU
		{D65FEDB5-6DBB-4BB0-88EE-FB70E2A6B2B2}.Release|Any CPU.Build.0 = Release|Any CPU
		{5C766CB5-195B-429D-9CC6-FCFEC21FF97A}.Debug|Any CPU.ActiveCfg = Debug|Any CPU
		{5C766CB5-195B-429D-9CC6-FCFEC21FF97A}.Debug|Any CPU.Build.0 = Debug|Any CPU
		{5C766CB5-195B-429D-9CC6-FCFEC21FF97A}.Release|Any CPU.ActiveCfg = Release|Any CPU
		{5C766CB5-195B-429D-9CC6-FCFEC21FF97A}.Release|Any CPU.Build.0 = Release|Any CPU
	EndGlobalSection
	GlobalSection(SolutionProperties) = preSolution
		HideSolutionNode = FALSE
	EndGlobalSection
	GlobalSection(ExtensibilityGlobals) = postSolution
		SolutionGuid = {D8DCB51A-2D51-4B16-8042-EDB2594708B3}
	EndGlobalSection
EndGlobal
